
Microsoft Visual Studio Solution File, Format Version 12.00
# Visual Studio 2012
Project("{FAE04EC0-301F-11D3-BF4B-00C04F79EFBC}") = "zadaniye4", "zadaniye4\zadaniye4.csproj", "{E47F2877-38D9-47C8-A72D-0743AA3DB688}"
EndProject
Global
	GlobalSection(SolutionConfigurationPlatforms) = preSolution
		Debug|x86 = Debug|x86
		Release|x86 = Release|x86
	EndGlobalSection
	GlobalSection(ProjectConfigurationPlatforms) = postSolution
		{E47F2877-38D9-47C8-A72D-0743AA3DB688}.Debug|x86.ActiveCfg = Debug|x86
		{E47F2877-38D9-47C8-A72D-0743AA3DB688}.Debug|x86.Build.0 = Debug|x86
		{E47F2877-38D9-47C8-A72D-0743AA3DB688}.Release|x86.ActiveCfg = Release|x86
		{E47F2877-38D9-47C8-A72D-0743AA3DB688}.Release|x86.Build.0 = Release|x86
	EndGlobalSection
EndGlobal
